
Microsoft Visual Studio Solution File, Format Version 12.00
# Visual Studio Version 17
VisualStudioVersion = 17.10.35122.118
MinimumVisualStudioVersion = 10.0.40219.1
Project("{9A19103F-16F7-4668-BE54-9A1E7A4F7556}") = "BisTracker", "BisTracker\BisTracker.csproj", "{13C812E9-0D42-4B95-8646-40EEBF30636F}"
EndProject
Project("{9A19103F-16F7-4668-BE54-9A1E7A4F7556}") = "ECommons", "ECommons\ECommons\ECommons.csproj", "{5F7F4468-A480-4F8B-88F9-CFB87E039D6C}"
EndProject
Project("{9A19103F-16F7-4668-BE54-9A1E7A4F7556}") = "OtterGui", "OtterGui\OtterGui.csproj", "{9881E0D9-0C3C-4C65-9A2E-AA372E698A8C}"
EndProject
Global
	GlobalSection(SolutionConfigurationPlatforms) = preSolution
		Debug|Any CPU = Debug|Any CPU
		Debug|x64 = Debug|x64
		DebugForms|Any CPU = DebugForms|Any CPU
		DebugForms|x64 = DebugForms|x64
		Release|Any CPU = Release|Any CPU
		Release|x64 = Release|x64
		ReleaseForms|Any CPU = ReleaseForms|Any CPU
		ReleaseForms|x64 = ReleaseForms|x64
	EndGlobalSection
	GlobalSection(ProjectConfigurationPlatforms) = postSolution
		{13C812E9-0D42-4B95-8646-40EEBF30636F}.Debug|Any CPU.ActiveCfg = Debug|x64
		{13C812E9-0D42-4B95-8646-40EEBF30636F}.Debug|Any CPU.Build.0 = Debug|x64
		{13C812E9-0D42-4B95-8646-40EEBF30636F}.Debug|x64.ActiveCfg = Debug|x64
		{13C812E9-0D42-4B95-8646-40EEBF30636F}.Debug|x64.Build.0 = Debug|x64
		{13C812E9-0D42-4B95-8646-40EEBF30636F}.DebugForms|Any CPU.ActiveCfg = Debug|x64
		{13C812E9-0D42-4B95-8646-40EEBF30636F}.DebugForms|Any CPU.Build.0 = Debug|x64
		{13C812E9-0D42-4B95-8646-40EEBF30636F}.DebugForms|x64.ActiveCfg = Debug|x64
		{13C812E9-0D42-4B95-8646-40EEBF30636F}.DebugForms|x64.Build.0 = Debug|x64
		{13C812E9-0D42-4B95-8646-40EEBF30636F}.Release|Any CPU.ActiveCfg = Release|x64
		{13C812E9-0D42-4B95-8646-40EEBF30636F}.Release|Any CPU.Build.0 = Release|x64
		{13C812E9-0D42-4B95-8646-40EEBF30636F}.Release|x64.ActiveCfg = Release|x64
		{13C812E9-0D42-4B95-8646-40EEBF30636F}.Release|x64.Build.0 = Release|x64
		{13C812E9-0D42-4B95-8646-40EEBF30636F}.ReleaseForms|Any CPU.ActiveCfg = Release|x64
		{13C812E9-0D42-4B95-8646-40EEBF30636F}.ReleaseForms|Any CPU.Build.0 = Release|x64
		{13C812E9-0D42-4B95-8646-40EEBF30636F}.ReleaseForms|x64.ActiveCfg = Release|x64
		{13C812E9-0D42-4B95-8646-40EEBF30636F}.ReleaseForms|x64.Build.0 = Release|x64
		{5F7F4468-A480-4F8B-88F9-CFB87E039D6C}.Debug|Any CPU.ActiveCfg = Debug|x64
		{5F7F4468-A480-4F8B-88F9-CFB87E039D6C}.Debug|Any CPU.Build.0 = Debug|x64
		{5F7F4468-A480-4F8B-88F9-CFB87E039D6C}.Debug|x64.ActiveCfg = Debug|x64
		{5F7F4468-A480-4F8B-88F9-CFB87E039D6C}.Debug|x64.Build.0 = Debug|x64
		{5F7F4468-A480-4F8B-88F9-CFB87E039D6C}.DebugForms|Any CPU.ActiveCfg = DebugForms|x64
		{5F7F4468-A480-4F8B-88F9-CFB87E039D6C}.DebugForms|Any CPU.Build.0 = DebugForms|x64
		{5F7F4468-A480-4F8B-88F9-CFB87E039D6C}.DebugForms|x64.ActiveCfg = DebugForms|x64
		{5F7F4468-A480-4F8B-88F9-CFB87E039D6C}.DebugForms|x64.Build.0 = DebugForms|x64
		{5F7F4468-A480-4F8B-88F9-CFB87E039D6C}.Release|Any CPU.ActiveCfg = Release|x64
		{5F7F4468-A480-4F8B-88F9-CFB87E039D6C}.Release|Any CPU.Build.0 = Release|x64
		{5F7F4468-A480-4F8B-88F9-CFB87E039D6C}.Release|x64.ActiveCfg = Release|x64
		{5F7F4468-A480-4F8B-88F9-CFB87E039D6C}.Release|x64.Build.0 = Release|x64
		{5F7F4468-A480-4F8B-88F9-CFB87E039D6C}.ReleaseForms|Any CPU.ActiveCfg = ReleaseForms|x64
		{5F7F4468-A480-4F8B-88F9-CFB87E039D6C}.ReleaseForms|Any CPU.Build.0 = ReleaseForms|x64
		{5F7F4468-A480-4F8B-88F9-CFB87E039D6C}.ReleaseForms|x64.ActiveCfg = ReleaseForms|x64
		{5F7F4468-A480-4F8B-88F9-CFB87E039D6C}.ReleaseForms|x64.Build.0 = ReleaseForms|x64
		{9881E0D9-0C3C-4C65-9A2E-AA372E698A8C}.Debug|Any CPU.ActiveCfg = Debug|Any CPU
		{9881E0D9-0C3C-4C65-9A2E-AA372E698A8C}.Debug|Any CPU.Build.0 = Debug|Any CPU
		{9881E0D9-0C3C-4C65-9A2E-AA372E698A8C}.Debug|x64.ActiveCfg = Debug|Any CPU
		{9881E0D9-0C3C-4C65-9A2E-AA372E698A8C}.Debug|x64.Build.0 = Debug|Any CPU
		{9881E0D9-0C3C-4C65-9A2E-AA372E698A8C}.DebugForms|Any CPU.ActiveCfg = Debug|Any CPU
		{9881E0D9-0C3C-4C65-9A2E-AA372E698A8C}.DebugForms|Any CPU.Build.0 = Debug|Any CPU
		{9881E0D9-0C3C-4C65-9A2E-AA372E698A8C}.DebugForms|x64.ActiveCfg = Debug|Any CPU
		{9881E0D9-0C3C-4C65-9A2E-AA372E698A8C}.DebugForms|x64.Build.0 = Debug|Any CPU
		{9881E0D9-0C3C-4C65-9A2E-AA372E698A8C}.Release|Any CPU.ActiveCfg = Release|Any CPU
		{9881E0D9-0C3C-4C65-9A2E-AA372E698A8C}.Release|Any CPU.Build.0 = Release|Any CPU
		{9881E0D9-0C3C-4C65-9A2E-AA372E698A8C}.Release|x64.ActiveCfg = Release|Any CPU
		{9881E0D9-0C3C-4C65-9A2E-AA372E698A8C}.Release|x64.Build.0 = Release|Any CPU
		{9881E0D9-0C3C-4C65-9A2E-AA372E698A8C}.ReleaseForms|Any CPU.ActiveCfg = Release|Any CPU
		{9881E0D9-0C3C-4C65-9A2E-AA372E698A8C}.ReleaseForms|Any CPU.Build.0 = Release|Any CPU
		{9881E0D9-0C3C-4C65-9A2E-AA372E698A8C}.ReleaseForms|x64.ActiveCfg = Release|Any CPU
		{9881E0D9-0C3C-4C65-9A2E-AA372E698A8C}.ReleaseForms|x64.Build.0 = Release|Any CPU
	EndGlobalSection
	GlobalSection(SolutionProperties) = preSolution
		HideSolutionNode = FALSE
	EndGlobalSection
	GlobalSection(ExtensibilityGlobals) = postSolution
		SolutionGuid = {B17E85B1-5F60-4440-9F9A-3DDE877E8CDF}
	EndGlobalSection
EndGlobal
